// !$*UTF8*$!
{
	archiveVersion = 1;
	classes = {
	};
	objectVersion = 46;
	objects = {

/* Begin PBXBuildFile section */
		C88406AB1DB1A2690041F49E /* AppDelegate.swift in Sources */ = {isa = PBXBuildFile; fileRef = C88406AA1DB1A2690041F49E /* AppDelegate.swift */; };
		C88406B21DB1A2690041F49E /* Main.storyboard in Resources */ = {isa = PBXBuildFile; fileRef = C88406B01DB1A2690041F49E /* Main.storyboard */; };
		C88406B41DB1A26A0041F49E /* Assets.xcassets in Resources */ = {isa = PBXBuildFile; fileRef = C88406B31DB1A26A0041F49E /* Assets.xcassets */; };
		C88406B71DB1A26A0041F49E /* LaunchScreen.storyboard in Resources */ = {isa = PBXBuildFile; fileRef = C88406B51DB1A26A0041F49E /* LaunchScreen.storyboard */; };
		C88406C91DB3CF170041F49E /* MultipleChoice.swift in Sources */ = {isa = PBXBuildFile; fileRef = C88406C81DB3CF170041F49E /* MultipleChoice.swift */; };
		C88406CD1DB66B960041F49E /* QuizViewController.swift in Sources */ = {isa = PBXBuildFile; fileRef = C88406CC1DB66B960041F49E /* QuizViewController.swift */; };
		C88406CF1DB66BA20041F49E /* ReviewViewController.swift in Sources */ = {isa = PBXBuildFile; fileRef = C88406CE1DB66BA20041F49E /* ReviewViewController.swift */; };
		C88406D11DB66BAD0041F49E /* FlashCardViewController.swift in Sources */ = {isa = PBXBuildFile; fileRef = C88406D01DB66BAD0041F49E /* FlashCardViewController.swift */; };
		C88406D31DB66C6E0041F49E /* InfoViewController.swift in Sources */ = {isa = PBXBuildFile; fileRef = C88406D21DB66C6E0041F49E /* InfoViewController.swift */; };
		C88406D51DB66E9B0041F49E /* DAO.swift in Sources */ = {isa = PBXBuildFile; fileRef = C88406D41DB66E9B0041F49E /* DAO.swift */; };
		C88406D71DB7CDB10041F49E /* QuizCell.swift in Sources */ = {isa = PBXBuildFile; fileRef = C88406D61DB7CDB10041F49E /* QuizCell.swift */; };
		C893A1831DBD1FA300487F11 /* ReviewCell.swift in Sources */ = {isa = PBXBuildFile; fileRef = C893A1821DBD1FA300487F11 /* ReviewCell.swift */; };
		C893A1871DBD203E00487F11 /* ReviewSection.swift in Sources */ = {isa = PBXBuildFile; fileRef = C893A1861DBD203E00487F11 /* ReviewSection.swift */; };
		C893A1891DBD272700487F11 /* ReviewInfoViewController.swift in Sources */ = {isa = PBXBuildFile; fileRef = C893A1881DBD272700487F11 /* ReviewInfoViewController.swift */; };
		C893A18B1DBD27C100487F11 /* ReviewInfoCell.swift in Sources */ = {isa = PBXBuildFile; fileRef = C893A18A1DBD27C100487F11 /* ReviewInfoCell.swift */; };
		C8F7EDF41DB92DDC005A9BE6 /* QuestionInfoViewController.swift in Sources */ = {isa = PBXBuildFile; fileRef = C8F7EDF31DB92DDC005A9BE6 /* QuestionInfoViewController.swift */; };
/* End PBXBuildFile section */

/* Begin PBXFileReference section */
		C88406A71DB1A2690041F49E /* CPAye.app */ = {isa = PBXFileReference; explicitFileType = wrapper.application; includeInIndex = 0; path = CPAye.app; sourceTree = BUILT_PRODUCTS_DIR; };
		C88406AA1DB1A2690041F49E /* AppDelegate.swift */ = {isa = PBXFileReference; lastKnownFileType = sourcecode.swift; path = AppDelegate.swift; sourceTree = "<group>"; };
		C88406B11DB1A2690041F49E /* Base */ = {isa = PBXFileReference; lastKnownFileType = file.storyboard; name = Base; path = Base.lproj/Main.storyboard; sourceTree = "<group>"; };
		C88406B31DB1A26A0041F49E /* Assets.xcassets */ = {isa = PBXFileReference; lastKnownFileType = folder.assetcatalog; path = Assets.xcassets; sourceTree = "<group>"; };
		C88406B61DB1A26A0041F49E /* Base */ = {isa = PBXFileReference; lastKnownFileType = file.storyboard; name = Base; path = Base.lproj/LaunchScreen.storyboard; sourceTree = "<group>"; };
		C88406B81DB1A26A0041F49E /* Info.plist */ = {isa = PBXFileReference; lastKnownFileType = text.plist.xml; path = Info.plist; sourceTree = "<group>"; };
		C88406C81DB3CF170041F49E /* MultipleChoice.swift */ = {isa = PBXFileReference; fileEncoding = 4; lastKnownFileType = sourcecode.swift; name = MultipleChoice.swift; path = ../MultipleChoice.swift; sourceTree = "<group>"; };
		C88406CC1DB66B960041F49E /* QuizViewController.swift */ = {isa = PBXFileReference; fileEncoding = 4; lastKnownFileType = sourcecode.swift; path = QuizViewController.swift; sourceTree = "<group>"; };
		C88406CE1DB66BA20041F49E /* ReviewViewController.swift */ = {isa = PBXFileReference; fileEncoding = 4; lastKnownFileType = sourcecode.swift; path = ReviewViewController.swift; sourceTree = "<group>"; };
		C88406D01DB66BAD0041F49E /* FlashCardViewController.swift */ = {isa = PBXFileReference; fileEncoding = 4; lastKnownFileType = sourcecode.swift; path = FlashCardViewController.swift; sourceTree = "<group>"; };
		C88406D21DB66C6E0041F49E /* InfoViewController.swift */ = {isa = PBXFileReference; fileEncoding = 4; lastKnownFileType = sourcecode.swift; path = InfoViewController.swift; sourceTree = "<group>"; };
		C88406D41DB66E9B0041F49E /* DAO.swift */ = {isa = PBXFileReference; fileEncoding = 4; lastKnownFileType = sourcecode.swift; path = DAO.swift; sourceTree = "<group>"; };
		C88406D61DB7CDB10041F49E /* QuizCell.swift */ = {isa = PBXFileReference; fileEncoding = 4; lastKnownFileType = sourcecode.swift; path = QuizCell.swift; sourceTree = "<group>"; };
		C893A1821DBD1FA300487F11 /* ReviewCell.swift */ = {isa = PBXFileReference; fileEncoding = 4; lastKnownFileType = sourcecode.swift; path = ReviewCell.swift; sourceTree = "<group>"; };
		C893A1861DBD203E00487F11 /* ReviewSection.swift */ = {isa = PBXFileReference; fileEncoding = 4; lastKnownFileType = sourcecode.swift; path = ReviewSection.swift; sourceTree = "<group>"; };
		C893A1881DBD272700487F11 /* ReviewInfoViewController.swift */ = {isa = PBXFileReference; fileEncoding = 4; lastKnownFileType = sourcecode.swift; path = ReviewInfoViewController.swift; sourceTree = "<group>"; };
		C893A18A1DBD27C100487F11 /* ReviewInfoCell.swift */ = {isa = PBXFileReference; fileEncoding = 4; lastKnownFileType = sourcecode.swift; path = ReviewInfoCell.swift; sourceTree = "<group>"; };
		C8F7EDF31DB92DDC005A9BE6 /* QuestionInfoViewController.swift */ = {isa = PBXFileReference; fileEncoding = 4; lastKnownFileType = sourcecode.swift; path = QuestionInfoViewController.swift; sourceTree = "<group>"; };
/* End PBXFileReference section */

/* Begin PBXFrameworksBuildPhase section */
		C88406A41DB1A2690041F49E /* Frameworks */ = {
			isa = PBXFrameworksBuildPhase;
			buildActionMask = 2147483647;
			files = (
			);
			runOnlyForDeploymentPostprocessing = 0;
		};
/* End PBXFrameworksBuildPhase section */

/* Begin PBXGroup section */
		C884069E1DB1A2690041F49E = {
			isa = PBXGroup;
			children = (
				C88406A91DB1A2690041F49E /* CPAye */,
				C88406A81DB1A2690041F49E /* Products */,
			);
			sourceTree = "<group>";
		};
		C88406A81DB1A2690041F49E /* Products */ = {
			isa = PBXGroup;
			children = (
				C88406A71DB1A2690041F49E /* CPAye.app */,
			);
			name = Products;
			sourceTree = "<group>";
		};
		C88406A91DB1A2690041F49E /* CPAye */ = {
			isa = PBXGroup;
			children = (
				C88406AA1DB1A2690041F49E /* AppDelegate.swift */,
				C893A1841DBD200D00487F11 /* Quiz */,
				C893A1851DBD201D00487F11 /* Review */,
				C88406D01DB66BAD0041F49E /* FlashCardViewController.swift */,
				C88406D21DB66C6E0041F49E /* InfoViewController.swift */,
				C88406D41DB66E9B0041F49E /* DAO.swift */,
				C88406B01DB1A2690041F49E /* Main.storyboard */,
				C893A18A1DBD27C100487F11 /* ReviewInfoCell.swift */,
				C893A1881DBD272700487F11 /* ReviewInfoViewController.swift */,
				C8F7EDF31DB92DDC005A9BE6 /* QuestionInfoViewController.swift */,
				C88406B31DB1A26A0041F49E /* Assets.xcassets */,
				C88406B51DB1A26A0041F49E /* LaunchScreen.storyboard */,
				C88406B81DB1A26A0041F49E /* Info.plist */,
			);
			path = CPAye;
			sourceTree = "<group>";
		};
		C893A1841DBD200D00487F11 /* Quiz */ = {
			isa = PBXGroup;
			children = (
				C88406CC1DB66B960041F49E /* QuizViewController.swift */,
				C88406D61DB7CDB10041F49E /* QuizCell.swift */,
				C88406C81DB3CF170041F49E /* MultipleChoice.swift */,
			);
			name = Quiz;
			sourceTree = "<group>";
		};
		C893A1851DBD201D00487F11 /* Review */ = {
			isa = PBXGroup;
			children = (
				C88406CE1DB66BA20041F49E /* ReviewViewController.swift */,
				C893A1821DBD1FA300487F11 /* ReviewCell.swift */,
				C893A1861DBD203E00487F11 /* ReviewSection.swift */,
			);
			name = Review;
			sourceTree = "<group>";
		};
/* End PBXGroup section */

/* Begin PBXNativeTarget section */
		C88406A61DB1A2690041F49E /* CPAye */ = {
			isa = PBXNativeTarget;
			buildConfigurationList = C88406BB1DB1A26A0041F49E /* Build configuration list for PBXNativeTarget "CPAye" */;
			buildPhases = (
				C88406A31DB1A2690041F49E /* Sources */,
				C88406A41DB1A2690041F49E /* Frameworks */,
				C88406A51DB1A2690041F49E /* Resources */,
			);
			buildRules = (
			);
			dependencies = (
			);
			name = CPAye;
			productName = CPAye;
			productReference = C88406A71DB1A2690041F49E /* CPAye.app */;
			productType = "com.apple.product-type.application";
		};
/* End PBXNativeTarget section */

/* Begin PBXProject section */
		C884069F1DB1A2690041F49E /* Project object */ = {
			isa = PBXProject;
			attributes = {
				LastSwiftUpdateCheck = 0730;
				LastUpgradeCheck = 0730;
				ORGANIZATIONNAME = alvorithms;
				TargetAttributes = {
					C88406A61DB1A2690041F49E = {
						CreatedOnToolsVersion = 7.3;
					};
				};
			};
			buildConfigurationList = C88406A21DB1A2690041F49E /* Build configuration list for PBXProject "CPAye" */;
			compatibilityVersion = "Xcode 3.2";
			developmentRegion = English;
			hasScannedForEncodings = 0;
			knownRegions = (
				en,
				Base,
			);
			mainGroup = C884069E1DB1A2690041F49E;
			productRefGroup = C88406A81DB1A2690041F49E /* Products */;
			projectDirPath = "";
			projectRoot = "";
			targets = (
				C88406A61DB1A2690041F49E /* CPAye */,
			);
		};
/* End PBXProject section */

/* Begin PBXResourcesBuildPhase section */
		C88406A51DB1A2690041F49E /* Resources */ = {
			isa = PBXResourcesBuildPhase;
			buildActionMask = 2147483647;
			files = (
				C88406B71DB1A26A0041F49E /* LaunchScreen.storyboard in Resources */,
				C88406B41DB1A26A0041F49E /* Assets.xcassets in Resources */,
				C88406B21DB1A2690041F49E /* Main.storyboard in Resources */,
			);
			runOnlyForDeploymentPostprocessing = 0;
		};
/* End PBXResourcesBuildPhase section */

/* Begin PBXSourcesBuildPhase section */
		C88406A31DB1A2690041F49E /* Sources */ = {
			isa = PBXSourcesBuildPhase;
			buildActionMask = 2147483647;
			files = (
				C8F7EDF41DB92DDC005A9BE6 /* QuestionInfoViewController.swift in Sources */,
				C893A1831DBD1FA300487F11 /* ReviewCell.swift in Sources */,
				C88406D71DB7CDB10041F49E /* QuizCell.swift in Sources */,
				C893A1871DBD203E00487F11 /* ReviewSection.swift in Sources */,
				C88406D51DB66E9B0041F49E /* DAO.swift in Sources */,
				C88406C91DB3CF170041F49E /* MultipleChoice.swift in Sources */,
				C893A18B1DBD27C100487F11 /* ReviewInfoCell.swift in Sources */,
				C893A1891DBD272700487F11 /* ReviewInfoViewController.swift in Sources */,
				C88406AB1DB1A2690041F49E /* AppDelegate.swift in Sources */,
				C88406CF1DB66BA20041F49E /* ReviewViewController.swift in Sources */,
				C88406D31DB66C6E0041F49E /* InfoViewController.swift in Sources */,
				C88406D11DB66BAD0041F49E /* FlashCardViewController.swift in Sources */,
				C88406CD1DB66B960041F49E /* QuizViewController.swift in Sources */,
			);
			runOnlyForDeploymentPostprocessing = 0;
		};
/* End PBXSourcesBuildPhase section */

/* Begin PBXVariantGroup section */
		C88406B01DB1A2690041F49E /* Main.storyboard */ = {
			isa = PBXVariantGroup;
			children = (
				C88406B11DB1A2690041F49E /* Base */,
			);
			name = Main.storyboard;
			sourceTree = "<group>";
		};
		C88406B51DB1A26A0041F49E /* LaunchScreen.storyboard */ = {
			isa = PBXVariantGroup;
			children = (
				C88406B61DB1A26A0041F49E /* Base */,
			);
			name = LaunchScreen.storyboard;
			sourceTree = "<group>";
		};
/* End PBXVariantGroup section */

/* Begin XCBuildConfiguration section */
		C88406B91DB1A26A0041F49E /* Debug */ = {
			isa = XCBuildConfiguration;
			buildSettings = {
				ALWAYS_SEARCH_USER_PATHS = NO;
				CLANG_ANALYZER_NONNULL = YES;
				CLANG_CXX_LANGUAGE_STANDARD = "gnu++0x";
				CLANG_CXX_LIBRARY = "libc++";
				CLANG_ENABLE_MODULES = YES;
				CLANG_ENABLE_OBJC_ARC = YES;
				CLANG_WARN_BOOL_CONVERSION = YES;
				CLANG_WARN_CONSTANT_CONVERSION = YES;
				CLANG_WARN_DIRECT_OBJC_ISA_USAGE = YES_ERROR;
				CLANG_WARN_EMPTY_BODY = YES;
				CLANG_WARN_ENUM_CONVERSION = YES;
				CLANG_WARN_INT_CONVERSION = YES;
				CLANG_WARN_OBJC_ROOT_CLASS = YES_ERROR;
				CLANG_WARN_UNREACHABLE_CODE = YES;
				CLANG_WARN__DUPLICATE_METHOD_MATCH = YES;
				"CODE_SIGN_IDENTITY[sdk=iphoneos*]" = "iPhone Developer";
				COPY_PHASE_STRIP = NO;
				DEBUG_INFORMATION_FORMAT = dwarf;
				ENABLE_STRICT_OBJC_MSGSEND = YES;
				ENABLE_TESTABILITY = YES;
				GCC_C_LANGUAGE_STANDARD = gnu99;
				GCC_DYNAMIC_NO_PIC = NO;
				GCC_NO_COMMON_BLOCKS = YES;
				GCC_OPTIMIZATION_LEVEL = 0;
				GCC_PREPROCESSOR_DEFINITIONS = (
					"DEBUG=1",
					"$(inherited)",
				);
				GCC_WARN_64_TO_32_BIT_CONVERSION = YES;
				GCC_WARN_ABOUT_RETURN_TYPE = YES_ERROR;
				GCC_WARN_UNDECLARED_SELECTOR = YES;
				GCC_WARN_UNINITIALIZED_AUTOS = YES_AGGRESSIVE;
				GCC_WARN_UNUSED_FUNCTION = YES;
				GCC_WARN_UNUSED_VARIABLE = YES;
				IPHONEOS_DEPLOYMENT_TARGET = 9.3;
				MTL_ENABLE_DEBUG_INFO = YES;
				ONLY_ACTIVE_ARCH = YES;
				SDKROOT = iphoneos;
				SWIFT_OPTIMIZATION_LEVEL = "-Onone";
			};
			name = Debug;
		};
		C88406BA1DB1A26A0041F49E /* Release */ = {
			isa = XCBuildConfiguration;
			buildSettings = {
				ALWAYS_SEARCH_USER_PATHS = NO;
				CLANG_ANALYZER_NONNULL = YES;
				CLANG_CXX_LANGUAGE_STANDARD = "gnu++0x";
				CLANG_CXX_LIBRARY = "libc++";
				CLANG_ENABLE_MODULES = YES;
				CLANG_ENABLE_OBJC_ARC = YES;
				CLANG_WARN_BOOL_CONVERSION = YES;
				CLANG_WARN_CONSTANT_CONVERSION = YES;
				CLANG_WARN_DIRECT_OBJC_ISA_USAGE = YES_ERROR;
				CLANG_WARN_EMPTY_BODY = YES;
				CLANG_WARN_ENUM_CONVERSION = YES;
				CLANG_WARN_INT_CONVERSION = YES;
				CLANG_WARN_OBJC_ROOT_CLASS = YES_ERROR;
				CLANG_WARN_UNREACHABLE_CODE = YES;
				CLANG_WARN__DUPLICATE_METHOD_MATCH = YES;
				"CODE_SIGN_IDENTITY[sdk=iphoneos*]" = "iPhone Developer";
				COPY_PHASE_STRIP = NO;
				DEBUG_INFORMATION_FORMAT = "dwarf-with-dsym";
				ENABLE_NS_ASSERTIONS = NO;
				ENABLE_STRICT_OBJC_MSGSEND = YES;
				GCC_C_LANGUAGE_STANDARD = gnu99;
				GCC_NO_COMMON_BLOCKS = YES;
				GCC_WARN_64_TO_32_BIT_CONVERSION = YES;
				GCC_WARN_ABOUT_RETURN_TYPE = YES_ERROR;
				GCC_WARN_UNDECLARED_SELECTOR = YES;
				GCC_WARN_UNINITIALIZED_AUTOS = YES_AGGRESSIVE;
				GCC_WARN_UNUSED_FUNCTION = YES;
				GCC_WARN_UNUSED_VARIABLE = YES;
				IPHONEOS_DEPLOYMENT_TARGET = 9.3;
				MTL_ENABLE_DEBUG_INFO = NO;
				SDKROOT = iphoneos;
				VALIDATE_PRODUCT = YES;
			};
			name = Release;
		};
		C88406BC1DB1A26A0041F49E /* Debug */ = {
			isa = XCBuildConfiguration;
			buildSettings = {
				ASSETCATALOG_COMPILER_APPICON_NAME = AppIcon;
				INFOPLIST_FILE = CPAye/Info.plist;
				LD_RUNPATH_SEARCH_PATHS = "$(inherited) @executable_path/Frameworks";
				PRODUCT_BUNDLE_IDENTIFIER = com.alvintu.CPAye;
				PRODUCT_NAME = "$(TARGET_NAME)";
			};
			name = Debug;
		};
		C88406BD1DB1A26A0041F49E /* Release */ = {
			isa = XCBuildConfiguration;
			buildSettings = {
				ASSETCATALOG_COMPILER_APPICON_NAME = AppIcon;
				INFOPLIST_FILE = CPAye/Info.plist;
				LD_RUNPATH_SEARCH_PATHS = "$(inherited) @executable_path/Frameworks";
				PRODUCT_BUNDLE_IDENTIFIER = com.alvintu.CPAye;
				PRODUCT_NAME = "$(TARGET_NAME)";
			};
			name = Release;
		};
/* End XCBuildConfiguration section */

/* Begin XCConfigurationList section */
		C88406A21DB1A2690041F49E /* Build configuration list for PBXProject "CPAye" */ = {
			isa = XCConfigurationList;
			buildConfigurations = (
				C88406B91DB1A26A0041F49E /* Debug */,
				C88406BA1DB1A26A0041F49E /* Release */,
			);
			defaultConfigurationIsVisible = 0;
			defaultConfigurationName = Release;
		};
		C88406BB1DB1A26A0041F49E /* Build configuration list for PBXNativeTarget "CPAye" */ = {
			isa = XCConfigurationList;
			buildConfigurations = (
				C88406BC1DB1A26A0041F49E /* Debug */,
				C88406BD1DB1A26A0041F49E /* Release */,
			);
			defaultConfigurationIsVisible = 0;
			defaultConfigurationName = Release;
		};
/* End XCConfigurationList section */
	};
	rootObject = C884069F1DB1A2690041F49E /* Project object */;
}
